
Microsoft Visual Studio Solution File, Format Version 12.00
# Visual Studio 15
VisualStudioVersion = 15.0.27130.2024
MinimumVisualStudioVersion = 10.0.40219.1
Project("{9A19103F-16F7-4668-BE54-9A1E7A4F7556}") = "ByTheCake.App", "ByTheCake.App\ByTheCake.App.csproj", "{2EEBBA47-28E7-46E9-910D-226812E41F17}"
EndProject
Project("{9A19103F-16F7-4668-BE54-9A1E7A4F7556}") = "ByTheCake.Models", "ByTheCake.Models\ByTheCake.Models.csproj", "{C99EF5E9-FBB3-4E30-B7C7-9A9DD6FFC38C}"
EndProject
Project("{9A19103F-16F7-4668-BE54-9A1E7A4F7556}") = "ByTheCake.Data", "ByTheCake.Data\ByTheCake.Data.csproj", "{D6D306C7-D38F-4C41-A39E-B4E8A1C4E66E}"
EndProject
Project("{9A19103F-16F7-4668-BE54-9A1E7A4F7556}") = "SIS.HTTP", "SIS.HTTP\SIS.HTTP.csproj", "{FA02AB21-673E-4A37-A88B-786DE08AC525}"
EndProject
Project("{9A19103F-16F7-4668-BE54-9A1E7A4F7556}") = "SIS.WebServer", "SIS.WebServer\SIS.WebServer.csproj", "{FE320455-35A0-4DBD-9316-C27264EF4353}"
EndProject
Project("{FAE04EC0-301F-11D3-BF4B-00C04F79EFBC}") = "SIS.Framework", "SIS.Framework\SIS.Framework.csproj", "{9B9282D4-1C13-467F-9557-9341ADF54B7F}"
EndProject
Global
	GlobalSection(SolutionConfigurationPlatforms) = preSolution
		Debug|Any CPU = Debug|Any CPU
		Release|Any CPU = Release|Any CPU
	EndGlobalSection
	GlobalSection(ProjectConfigurationPlatforms) = postSolution
		{2EEBBA47-28E7-46E9-910D-226812E41F17}.Debug|Any CPU.ActiveCfg = Debug|Any CPU
		{2EEBBA47-28E7-46E9-910D-226812E41F17}.Debug|Any CPU.Build.0 = Debug|Any CPU
		{2EEBBA47-28E7-46E9-910D-226812E41F17}.Release|Any CPU.ActiveCfg = Release|Any CPU
		{2EEBBA47-28E7-46E9-910D-226812E41F17}.Release|Any CPU.Build.0 = Release|Any CPU
		{C99EF5E9-FBB3-4E30-B7C7-9A9DD6FFC38C}.Debug|Any CPU.ActiveCfg = Debug|Any CPU
		{C99EF5E9-FBB3-4E30-B7C7-9A9DD6FFC38C}.Debug|Any CPU.Build.0 = Debug|Any CPU
		{C99EF5E9-FBB3-4E30-B7C7-9A9DD6FFC38C}.Release|Any CPU.ActiveCfg = Release|Any CPU
		{C99EF5E9-FBB3-4E30-B7C7-9A9DD6FFC38C}.Release|Any CPU.Build.0 = Release|Any CPU
		{D6D306C7-D38F-4C41-A39E-B4E8A1C4E66E}.Debug|Any CPU.ActiveCfg = Debug|Any CPU
		{D6D306C7-D38F-4C41-A39E-B4E8A1C4E66E}.Debug|Any CPU.Build.0 = Debug|Any CPU
		{D6D306C7-D38F-4C41-A39E-B4E8A1C4E66E}.Release|Any CPU.ActiveCfg = Release|Any CPU
		{D6D306C7-D38F-4C41-A39E-B4E8A1C4E66E}.Release|Any CPU.Build.0 = Release|Any CPU
		{FA02AB21-673E-4A37-A88B-786DE08AC525}.Debug|Any CPU.ActiveCfg = Debug|Any CPU
		{FA02AB21-673E-4A37-A88B-786DE08AC525}.Debug|Any CPU.Build.0 = Debug|Any CPU
		{FA02AB21-673E-4A37-A88B-786DE08AC525}.Release|Any CPU.ActiveCfg = Release|Any CPU
		{FA02AB21-673E-4A37-A88B-786DE08AC525}.Release|Any CPU.Build.0 = Release|Any CPU
		{FE320455-35A0-4DBD-9316-C27264EF4353}.Debug|Any CPU.ActiveCfg = Debug|Any CPU
		{FE320455-35A0-4DBD-9316-C27264EF4353}.Debug|Any CPU.Build.0 = Debug|Any CPU
		{FE320455-35A0-4DBD-9316-C27264EF4353}.Release|Any CPU.ActiveCfg = Release|Any CPU
		{FE320455-35A0-4DBD-9316-C27264EF4353}.Release|Any CPU.Build.0 = Release|Any CPU
		{9B9282D4-1C13-467F-9557-9341ADF54B7F}.Debug|Any CPU.ActiveCfg = Debug|Any CPU
		{9B9282D4-1C13-467F-9557-9341ADF54B7F}.Debug|Any CPU.Build.0 = Debug|Any CPU
		{9B9282D4-1C13-467F-9557-9341ADF54B7F}.Release|Any CPU.ActiveCfg = Release|Any CPU
		{9B9282D4-1C13-467F-9557-9341ADF54B7F}.Release|Any CPU.Build.0 = Release|Any CPU
	EndGlobalSection
	GlobalSection(SolutionProperties) = preSolution
		HideSolutionNode = FALSE
	EndGlobalSection
	GlobalSection(ExtensibilityGlobals) = postSolution
		SolutionGuid = {5835BA2A-7F15-40CE-AC0A-EFA05285AC87}
	EndGlobalSection
EndGlobal
